// !$*UTF8*$!
{
	archiveVersion = 1;
	classes = {
	};
	objectVersion = 56;
	objects = {

/* Begin PBXBuildFile section */
		EE151B772BE246C800E4B774 /* ting.wav in Resources */ = {isa = PBXBuildFile; fileRef = EE151B752BE246C800E4B774 /* ting.wav */; };
		EED2B2762BDFEB9F00760BA8 /* AppDelegate.swift in Sources */ = {isa = PBXBuildFile; fileRef = EED2B2752BDFEB9F00760BA8 /* AppDelegate.swift */; };
		EED2B27F2BDFEBA100760BA8 /* Assets.xcassets in Resources */ = {isa = PBXBuildFile; fileRef = EED2B27E2BDFEBA100760BA8 /* Assets.xcassets */; };
		EED2B2822BDFEBA100760BA8 /* Base in Resources */ = {isa = PBXBuildFile; fileRef = EED2B2812BDFEBA100760BA8 /* Base */; };
		EED2B28E2BE00C7400760BA8 /* SettingVC.swift in Sources */ = {isa = PBXBuildFile; fileRef = EED2B28D2BE00C7300760BA8 /* SettingVC.swift */; };
		EEDD5E1D2BE0AF56004485DF /* FinishVC.swift in Sources */ = {isa = PBXBuildFile; fileRef = EEDD5E1C2BE0AF56004485DF /* FinishVC.swift */; };
/* End PBXBuildFile section */

/* Begin PBXFileReference section */
		EE151B752BE246C800E4B774 /* ting.wav */ = {isa = PBXFileReference; lastKnownFileType = audio.wav; path = ting.wav; sourceTree = "<group>"; };
		EED2B2722BDFEB9F00760BA8 /* Tomato (Pomodoro).app */ = {isa = PBXFileReference; explicitFileType = wrapper.application; includeInIndex = 0; path = "Tomato (Pomodoro).app"; sourceTree = BUILT_PRODUCTS_DIR; };
		EED2B2752BDFEB9F00760BA8 /* AppDelegate.swift */ = {isa = PBXFileReference; lastKnownFileType = sourcecode.swift; path = AppDelegate.swift; sourceTree = "<group>"; };
		EED2B27E2BDFEBA100760BA8 /* Assets.xcassets */ = {isa = PBXFileReference; lastKnownFileType = folder.assetcatalog; path = Assets.xcassets; sourceTree = "<group>"; };
		EED2B2812BDFEBA100760BA8 /* Base */ = {isa = PBXFileReference; lastKnownFileType = file.storyboard; name = Base; path = Base.lproj/LaunchScreen.storyboard; sourceTree = "<group>"; };
		EED2B2832BDFEBA100760BA8 /* Info.plist */ = {isa = PBXFileReference; lastKnownFileType = text.plist.xml; path = Info.plist; sourceTree = "<group>"; };
		EED2B28D2BE00C7300760BA8 /* SettingVC.swift */ = {isa = PBXFileReference; lastKnownFileType = sourcecode.swift; path = SettingVC.swift; sourceTree = "<group>"; };
		EEDD5E1C2BE0AF56004485DF /* FinishVC.swift */ = {isa = PBXFileReference; lastKnownFileType = sourcecode.swift; path = FinishVC.swift; sourceTree = "<group>"; };
/* End PBXFileReference section */

/* Begin PBXFrameworksBuildPhase section */
		EED2B26F2BDFEB9F00760BA8 /* Frameworks */ = {
			isa = PBXFrameworksBuildPhase;
			buildActionMask = 2147483647;
			files = (
			);
			runOnlyForDeploymentPostprocessing = 0;
		};
/* End PBXFrameworksBuildPhase section */

/* Begin PBXGroup section */
		EE151B762BE246C800E4B774 /* sound */ = {
			isa = PBXGroup;
			children = (
				EE151B752BE246C800E4B774 /* ting.wav */,
			);
			path = sound;
			sourceTree = "<group>";
		};
		EE151B782BE2502A00E4B774 /* ProektFile */ = {
			isa = PBXGroup;
			children = (
				EED2B2752BDFEB9F00760BA8 /* AppDelegate.swift */,
				EED2B27E2BDFEBA100760BA8 /* Assets.xcassets */,
				EED2B2802BDFEBA100760BA8 /* LaunchScreen.storyboard */,
				EED2B2832BDFEBA100760BA8 /* Info.plist */,
			);
			name = ProektFile;
			sourceTree = "<group>";
		};
		EE151B792BE2505600E4B774 /* ViewControllers */ = {
			isa = PBXGroup;
			children = (
				EED2B28D2BE00C7300760BA8 /* SettingVC.swift */,
				EEDD5E1C2BE0AF56004485DF /* FinishVC.swift */,
			);
			path = ViewControllers;
			sourceTree = "<group>";
		};
		EED2B2692BDFEB9F00760BA8 = {
			isa = PBXGroup;
			children = (
				EED2B2742BDFEB9F00760BA8 /* Tomato (Pomodoro) */,
				EED2B2732BDFEB9F00760BA8 /* Products */,
			);
			sourceTree = "<group>";
		};
		EED2B2732BDFEB9F00760BA8 /* Products */ = {
			isa = PBXGroup;
			children = (
				EED2B2722BDFEB9F00760BA8 /* Tomato (Pomodoro).app */,
			);
			name = Products;
			sourceTree = "<group>";
		};
		EED2B2742BDFEB9F00760BA8 /* Tomato (Pomodoro) */ = {
			isa = PBXGroup;
			children = (
				EE151B782BE2502A00E4B774 /* ProektFile */,
				EE151B762BE246C800E4B774 /* sound */,
				EE151B792BE2505600E4B774 /* ViewControllers */,
			);
			path = "Tomato (Pomodoro)";
			sourceTree = "<group>";
		};
/* End PBXGroup section */

/* Begin PBXNativeTarget section */
		EED2B2712BDFEB9F00760BA8 /* Tomato (Pomodoro) */ = {
			isa = PBXNativeTarget;
			buildConfigurationList = EED2B2862BDFEBA100760BA8 /* Build configuration list for PBXNativeTarget "Tomato (Pomodoro)" */;
			buildPhases = (
				EED2B26E2BDFEB9F00760BA8 /* Sources */,
				EED2B26F2BDFEB9F00760BA8 /* Frameworks */,
				EED2B2702BDFEB9F00760BA8 /* Resources */,
			);
			buildRules = (
			);
			dependencies = (
			);
			name = "Tomato (Pomodoro)";
			productName = "Tomato (Pomodoro)";
			productReference = EED2B2722BDFEB9F00760BA8 /* Tomato (Pomodoro).app */;
			productType = "com.apple.product-type.application";
		};
/* End PBXNativeTarget section */

/* Begin PBXProject section */
		EED2B26A2BDFEB9F00760BA8 /* Project object */ = {
			isa = PBXProject;
			attributes = {
				BuildIndependentTargetsInParallel = 1;
				LastSwiftUpdateCheck = 1530;
				LastUpgradeCheck = 1530;
				TargetAttributes = {
					EED2B2712BDFEB9F00760BA8 = {
						CreatedOnToolsVersion = 15.3;
					};
				};
			};
			buildConfigurationList = EED2B26D2BDFEB9F00760BA8 /* Build configuration list for PBXProject "Tomato (Pomodoro)" */;
			compatibilityVersion = "Xcode 14.0";
			developmentRegion = en;
			hasScannedForEncodings = 0;
			knownRegions = (
				en,
				Base,
			);
			mainGroup = EED2B2692BDFEB9F00760BA8;
			productRefGroup = EED2B2732BDFEB9F00760BA8 /* Products */;
			projectDirPath = "";
			projectRoot = "";
			targets = (
				EED2B2712BDFEB9F00760BA8 /* Tomato (Pomodoro) */,
			);
		};
/* End PBXProject section */

/* Begin PBXResourcesBuildPhase section */
		EED2B2702BDFEB9F00760BA8 /* Resources */ = {
			isa = PBXResourcesBuildPhase;
			buildActionMask = 2147483647;
			files = (
				EED2B27F2BDFEBA100760BA8 /* Assets.xcassets in Resources */,
				EED2B2822BDFEBA100760BA8 /* Base in Resources */,
				EE151B772BE246C800E4B774 /* ting.wav in Resources */,
			);
			runOnlyForDeploymentPostprocessing = 0;
		};
/* End PBXResourcesBuildPhase section */

/* Begin PBXSourcesBuildPhase section */
		EED2B26E2BDFEB9F00760BA8 /* Sources */ = {
			isa = PBXSourcesBuildPhase;
			buildActionMask = 2147483647;
			files = (
				EED2B2762BDFEB9F00760BA8 /* AppDelegate.swift in Sources */,
				EED2B28E2BE00C7400760BA8 /* SettingVC.swift in Sources */,
				EEDD5E1D2BE0AF56004485DF /* FinishVC.swift in Sources */,
			);
			runOnlyForDeploymentPostprocessing = 0;
		};
/* End PBXSourcesBuildPhase section */

/* Begin PBXVariantGroup section */
		EED2B2802BDFEBA100760BA8 /* LaunchScreen.storyboard */ = {
			isa = PBXVariantGroup;
			children = (
				EED2B2812BDFEBA100760BA8 /* Base */,
			);
			name = LaunchScreen.storyboard;
			sourceTree = "<group>";
		};
/* End PBXVariantGroup section */

/* Begin XCBuildConfiguration section */
		EED2B2842BDFEBA100760BA8 /* Debug */ = {
			isa = XCBuildConfiguration;
			buildSettings = {
				ALWAYS_SEARCH_USER_PATHS = NO;
				ASSETCATALOG_COMPILER_GENERATE_SWIFT_ASSET_SYMBOL_EXTENSIONS = YES;
				CLANG_ANALYZER_NONNULL = YES;
				CLANG_ANALYZER_NUMBER_OBJECT_CONVERSION = YES_AGGRESSIVE;
				CLANG_CXX_LANGUAGE_STANDARD = "gnu++20";
				CLANG_ENABLE_MODULES = YES;
				CLANG_ENABLE_OBJC_ARC = YES;
				CLANG_ENABLE_OBJC_WEAK = YES;
				CLANG_WARN_BLOCK_CAPTURE_AUTORELEASING = YES;
				CLANG_WARN_BOOL_CONVERSION = YES;
				CLANG_WARN_COMMA = YES;
				CLANG_WARN_CONSTANT_CONVERSION = YES;
				CLANG_WARN_DEPRECATED_OBJC_IMPLEMENTATIONS = YES;
				CLANG_WARN_DIRECT_OBJC_ISA_USAGE = YES_ERROR;
				CLANG_WARN_DOCUMENTATION_COMMENTS = YES;
				CLANG_WARN_EMPTY_BODY = YES;
				CLANG_WARN_ENUM_CONVERSION = YES;
				CLANG_WARN_INFINITE_RECURSION = YES;
				CLANG_WARN_INT_CONVERSION = YES;
				CLANG_WARN_NON_LITERAL_NULL_CONVERSION = YES;
				CLANG_WARN_OBJC_IMPLICIT_RETAIN_SELF = YES;
				CLANG_WARN_OBJC_LITERAL_CONVERSION = YES;
				CLANG_WARN_OBJC_ROOT_CLASS = YES_ERROR;
				CLANG_WARN_QUOTED_INCLUDE_IN_FRAMEWORK_HEADER = YES;
				CLANG_WARN_RANGE_LOOP_ANALYSIS = YES;
				CLANG_WARN_STRICT_PROTOTYPES = YES;
				CLANG_WARN_SUSPICIOUS_MOVE = YES;
				CLANG_WARN_UNGUARDED_AVAILABILITY = YES_AGGRESSIVE;
				CLANG_WARN_UNREACHABLE_CODE = YES;
				CLANG_WARN__DUPLICATE_METHOD_MATCH = YES;
				COPY_PHASE_STRIP = NO;
				DEBUG_INFORMATION_FORMAT = dwarf;
				ENABLE_STRICT_OBJC_MSGSEND = YES;
				ENABLE_TESTABILITY = YES;
				ENABLE_USER_SCRIPT_SANDBOXING = YES;
				GCC_C_LANGUAGE_STANDARD = gnu17;
				GCC_DYNAMIC_NO_PIC = NO;
				GCC_NO_COMMON_BLOCKS = YES;
				GCC_OPTIMIZATION_LEVEL = 0;
				GCC_PREPROCESSOR_DEFINITIONS = (
					"DEBUG=1",
					"$(inherited)",
				);
				GCC_WARN_64_TO_32_BIT_CONVERSION = YES;
				GCC_WARN_ABOUT_RETURN_TYPE = YES_ERROR;
				GCC_WARN_UNDECLARED_SELECTOR = YES;
				GCC_WARN_UNINITIALIZED_AUTOS = YES_AGGRESSIVE;
				GCC_WARN_UNUSED_FUNCTION = YES;
				GCC_WARN_UNUSED_VARIABLE = YES;
				IPHONEOS_DEPLOYMENT_TARGET = 17.4;
				LOCALIZATION_PREFERS_STRING_CATALOGS = YES;
				MTL_ENABLE_DEBUG_INFO = INCLUDE_SOURCE;
				MTL_FAST_MATH = YES;
				ONLY_ACTIVE_ARCH = YES;
				SDKROOT = iphoneos;
				SWIFT_ACTIVE_COMPILATION_CONDITIONS = "DEBUG $(inherited)";
				SWIFT_OPTIMIZATION_LEVEL = "-Onone";
			};
			name = Debug;
		};
		EED2B2852BDFEBA100760BA8 /* Release */ = {
			isa = XCBuildConfiguration;
			buildSettings = {
				ALWAYS_SEARCH_USER_PATHS = NO;
				ASSETCATALOG_COMPILER_GENERATE_SWIFT_ASSET_SYMBOL_EXTENSIONS = YES;
				CLANG_ANALYZER_NONNULL = YES;
				CLANG_ANALYZER_NUMBER_OBJECT_CONVERSION = YES_AGGRESSIVE;
				CLANG_CXX_LANGUAGE_STANDARD = "gnu++20";
				CLANG_ENABLE_MODULES = YES;
				CLANG_ENABLE_OBJC_ARC = YES;
				CLANG_ENABLE_OBJC_WEAK = YES;
				CLANG_WARN_BLOCK_CAPTURE_AUTORELEASING = YES;
				CLANG_WARN_BOOL_CONVERSION = YES;
				CLANG_WARN_COMMA = YES;
				CLANG_WARN_CONSTANT_CONVERSION = YES;
				CLANG_WARN_DEPRECATED_OBJC_IMPLEMENTATIONS = YES;
				CLANG_WARN_DIRECT_OBJC_ISA_USAGE = YES_ERROR;
				CLANG_WARN_DOCUMENTATION_COMMENTS = YES;
				CLANG_WARN_EMPTY_BODY = YES;
				CLANG_WARN_ENUM_CONVERSION = YES;
				CLANG_WARN_INFINITE_RECURSION = YES;
				CLANG_WARN_INT_CONVERSION = YES;
				CLANG_WARN_NON_LITERAL_NULL_CONVERSION = YES;
				CLANG_WARN_OBJC_IMPLICIT_RETAIN_SELF = YES;
				CLANG_WARN_OBJC_LITERAL_CONVERSION = YES;
				CLANG_WARN_OBJC_ROOT_CLASS = YES_ERROR;
				CLANG_WARN_QUOTED_INCLUDE_IN_FRAMEWORK_HEADER = YES;
				CLANG_WARN_RANGE_LOOP_ANALYSIS = YES;
				CLANG_WARN_STRICT_PROTOTYPES = YES;
				CLANG_WARN_SUSPICIOUS_MOVE = YES;
				CLANG_WARN_UNGUARDED_AVAILABILITY = YES_AGGRESSIVE;
				CLANG_WARN_UNREACHABLE_CODE = YES;
				CLANG_WARN__DUPLICATE_METHOD_MATCH = YES;
				COPY_PHASE_STRIP = NO;
				DEBUG_INFORMATION_FORMAT = "dwarf-with-dsym";
				ENABLE_NS_ASSERTIONS = NO;
				ENABLE_STRICT_OBJC_MSGSEND = YES;
				ENABLE_USER_SCRIPT_SANDBOXING = YES;
				GCC_C_LANGUAGE_STANDARD = gnu17;
				GCC_NO_COMMON_BLOCKS = YES;
				GCC_WARN_64_TO_32_BIT_CONVERSION = YES;
				GCC_WARN_ABOUT_RETURN_TYPE = YES_ERROR;
				GCC_WARN_UNDECLARED_SELECTOR = YES;
				GCC_WARN_UNINITIALIZED_AUTOS = YES_AGGRESSIVE;
				GCC_WARN_UNUSED_FUNCTION = YES;
				GCC_WARN_UNUSED_VARIABLE = YES;
				IPHONEOS_DEPLOYMENT_TARGET = 17.4;
				LOCALIZATION_PREFERS_STRING_CATALOGS = YES;
				MTL_ENABLE_DEBUG_INFO = NO;
				MTL_FAST_MATH = YES;
				SDKROOT = iphoneos;
				SWIFT_COMPILATION_MODE = wholemodule;
				VALIDATE_PRODUCT = YES;
			};
			name = Release;
		};
		EED2B2872BDFEBA100760BA8 /* Debug */ = {
			isa = XCBuildConfiguration;
			buildSettings = {
				ASSETCATALOG_COMPILER_APPICON_NAME = AppIcon;
				ASSETCATALOG_COMPILER_GLOBAL_ACCENT_COLOR_NAME = AccentColor;
				CODE_SIGN_STYLE = Automatic;
				CURRENT_PROJECT_VERSION = 1;
				DEVELOPMENT_TEAM = CWJG98258B;
				GENERATE_INFOPLIST_FILE = YES;
				INFOPLIST_FILE = "Tomato (Pomodoro)/Info.plist";
				INFOPLIST_KEY_UIApplicationSupportsIndirectInputEvents = YES;
				INFOPLIST_KEY_UILaunchStoryboardName = LaunchScreen;
				INFOPLIST_KEY_UIMainStoryboardFile = "";
				INFOPLIST_KEY_UISupportedInterfaceOrientations_iPad = "UIInterfaceOrientationPortrait UIInterfaceOrientationPortraitUpsideDown UIInterfaceOrientationLandscapeLeft UIInterfaceOrientationLandscapeRight";
				INFOPLIST_KEY_UISupportedInterfaceOrientations_iPhone = "UIInterfaceOrientationPortrait UIInterfaceOrientationLandscapeLeft UIInterfaceOrientationLandscapeRight";
				IPHONEOS_DEPLOYMENT_TARGET = 14.0;
				LD_RUNPATH_SEARCH_PATHS = (
					"$(inherited)",
					"@executable_path/Frameworks",
				);
				MARKETING_VERSION = 1.0;
				PRODUCT_BUNDLE_IDENTIFIER = "iDevFan.Tomato--Pomodoro-";
				PRODUCT_NAME = "$(TARGET_NAME)";
				SWIFT_EMIT_LOC_STRINGS = YES;
				SWIFT_VERSION = 5.0;
				TARGETED_DEVICE_FAMILY = "1,2";
			};
			name = Debug;
		};
		EED2B2882BDFEBA100760BA8 /* Release */ = {
			isa = XCBuildConfiguration;
			buildSettings = {
				ASSETCATALOG_COMPILER_APPICON_NAME = AppIcon;
				ASSETCATALOG_COMPILER_GLOBAL_ACCENT_COLOR_NAME = AccentColor;
				CODE_SIGN_STYLE = Automatic;
				CURRENT_PROJECT_VERSION = 1;
				DEVELOPMENT_TEAM = CWJG98258B;
				GENERATE_INFOPLIST_FILE = YES;
				INFOPLIST_FILE = "Tomato (Pomodoro)/Info.plist";
				INFOPLIST_KEY_UIApplicationSupportsIndirectInputEvents = YES;
				INFOPLIST_KEY_UILaunchStoryboardName = LaunchScreen;
				INFOPLIST_KEY_UIMainStoryboardFile = "";
				INFOPLIST_KEY_UISupportedInterfaceOrientations_iPad = "UIInterfaceOrientationPortrait UIInterfaceOrientationPortraitUpsideDown UIInterfaceOrientationLandscapeLeft UIInterfaceOrientationLandscapeRight";
				INFOPLIST_KEY_UISupportedInterfaceOrientations_iPhone = "UIInterfaceOrientationPortrait UIInterfaceOrientationLandscapeLeft UIInterfaceOrientationLandscapeRight";
				IPHONEOS_DEPLOYMENT_TARGET = 14.0;
				LD_RUNPATH_SEARCH_PATHS = (
					"$(inherited)",
					"@executable_path/Frameworks",
				);
				MARKETING_VERSION = 1.0;
				PRODUCT_BUNDLE_IDENTIFIER = "iDevFan.Tomato--Pomodoro-";
				PRODUCT_NAME = "$(TARGET_NAME)";
				SWIFT_EMIT_LOC_STRINGS = YES;
				SWIFT_VERSION = 5.0;
				TARGETED_DEVICE_FAMILY = "1,2";
			};
			name = Release;
		};
/* End XCBuildConfiguration section */

/* Begin XCConfigurationList section */
		EED2B26D2BDFEB9F00760BA8 /* Build configuration list for PBXProject "Tomato (Pomodoro)" */ = {
			isa = XCConfigurationList;
			buildConfigurations = (
				EED2B2842BDFEBA100760BA8 /* Debug */,
				EED2B2852BDFEBA100760BA8 /* Release */,
			);
			defaultConfigurationIsVisible = 0;
			defaultConfigurationName = Release;
		};
		EED2B2862BDFEBA100760BA8 /* Build configuration list for PBXNativeTarget "Tomato (Pomodoro)" */ = {
			isa = XCConfigurationList;
			buildConfigurations = (
				EED2B2872BDFEBA100760BA8 /* Debug */,
				EED2B2882BDFEBA100760BA8 /* Release */,
			);
			defaultConfigurationIsVisible = 0;
			defaultConfigurationName = Release;
		};
/* End XCConfigurationList section */
	};
	rootObject = EED2B26A2BDFEB9F00760BA8 /* Project object */;
}
